
Microsoft Visual Studio Solution File, Format Version 12.00
# Visual Studio Version 17
VisualStudioVersion = 17.0.32014.148
MinimumVisualStudioVersion = 10.0.40219.1
Project("{FAE04EC0-301F-11D3-BF4B-00C04F79EFBC}") = "ZooDBEditor", "ZooDBEditor\ZooDBEditor.csproj", "{1C604E0A-5D3F-466E-B222-7AF6F08E3C0C}"
EndProject
Global
	GlobalSection(SolutionConfigurationPlatforms) = preSolution
		Debug|Any CPU = Debug|Any CPU
		Release|Any CPU = Release|Any CPU
	EndGlobalSection
	GlobalSection(ProjectConfigurationPlatforms) = postSolution
		{1C604E0A-5D3F-466E-B222-7AF6F08E3C0C}.Debug|Any CPU.ActiveCfg = Debug|Any CPU
		{1C604E0A-5D3F-466E-B222-7AF6F08E3C0C}.Debug|Any CPU.Build.0 = Debug|Any CPU
		{1C604E0A-5D3F-466E-B222-7AF6F08E3C0C}.Release|Any CPU.ActiveCfg = Release|Any CPU
		{1C604E0A-5D3F-466E-B222-7AF6F08E3C0C}.Release|Any CPU.Build.0 = Release|Any CPU
	EndGlobalSection
	GlobalSection(SolutionProperties) = preSolution
		HideSolutionNode = FALSE
	EndGlobalSection
	GlobalSection(ExtensibilityGlobals) = postSolution
		SolutionGuid = {9E942FC1-16A0-4194-91E2-081E73905D61}
	EndGlobalSection
EndGlobal
